// !$*UTF8*$!
{
	archiveVersion = 1;
	classes = {
	};
	objectVersion = 56;
	objects = {

/* Begin PBXBuildFile section */
		0578CB6A2B28AD0C00E8B344 /* RaccoonConvertApp.swift in Sources */ = {isa = PBXBuildFile; fileRef = 0578CB692B28AD0C00E8B344 /* RaccoonConvertApp.swift */; };
		0578CB6C2B28AD0C00E8B344 /* RaccoonConvertView.swift in Sources */ = {isa = PBXBuildFile; fileRef = 0578CB6B2B28AD0C00E8B344 /* RaccoonConvertView.swift */; };
		0578CB6E2B28AD0E00E8B344 /* Assets.xcassets in Resources */ = {isa = PBXBuildFile; fileRef = 0578CB6D2B28AD0E00E8B344 /* Assets.xcassets */; };
		0578CB712B28AD0E00E8B344 /* Preview Assets.xcassets in Resources */ = {isa = PBXBuildFile; fileRef = 0578CB702B28AD0E00E8B344 /* Preview Assets.xcassets */; };
		0578CB7B2B28AD0E00E8B344 /* RaccoonConvertTests.swift in Sources */ = {isa = PBXBuildFile; fileRef = 0578CB7A2B28AD0E00E8B344 /* RaccoonConvertTests.swift */; };
		0578CB852B28AD0E00E8B344 /* RaccoonConvertUITests.swift in Sources */ = {isa = PBXBuildFile; fileRef = 0578CB842B28AD0E00E8B344 /* RaccoonConvertUITests.swift */; };
		0578CB872B28AD0E00E8B344 /* RaccoonConvertUITestsLaunchTests.swift in Sources */ = {isa = PBXBuildFile; fileRef = 0578CB862B28AD0E00E8B344 /* RaccoonConvertUITestsLaunchTests.swift */; };
/* End PBXBuildFile section */

/* Begin PBXContainerItemProxy section */
		0578CB772B28AD0E00E8B344 /* PBXContainerItemProxy */ = {
			isa = PBXContainerItemProxy;
			containerPortal = 0578CB5E2B28AD0C00E8B344 /* Project object */;
			proxyType = 1;
			remoteGlobalIDString = 0578CB652B28AD0C00E8B344;
			remoteInfo = RaccoonConvert;
		};
		0578CB812B28AD0E00E8B344 /* PBXContainerItemProxy */ = {
			isa = PBXContainerItemProxy;
			containerPortal = 0578CB5E2B28AD0C00E8B344 /* Project object */;
			proxyType = 1;
			remoteGlobalIDString = 0578CB652B28AD0C00E8B344;
			remoteInfo = RaccoonConvert;
		};
/* End PBXContainerItemProxy section */

/* Begin PBXFileReference section */
		0578CB662B28AD0C00E8B344 /* RaccoonConvert.app */ = {isa = PBXFileReference; explicitFileType = wrapper.application; includeInIndex = 0; path = RaccoonConvert.app; sourceTree = BUILT_PRODUCTS_DIR; };
		0578CB692B28AD0C00E8B344 /* RaccoonConvertApp.swift */ = {isa = PBXFileReference; lastKnownFileType = sourcecode.swift; path = RaccoonConvertApp.swift; sourceTree = "<group>"; };
		0578CB6B2B28AD0C00E8B344 /* RaccoonConvertView.swift */ = {isa = PBXFileReference; lastKnownFileType = sourcecode.swift; path = RaccoonConvertView.swift; sourceTree = "<group>"; };
		0578CB6D2B28AD0E00E8B344 /* Assets.xcassets */ = {isa = PBXFileReference; lastKnownFileType = folder.assetcatalog; path = Assets.xcassets; sourceTree = "<group>"; };
		0578CB702B28AD0E00E8B344 /* Preview Assets.xcassets */ = {isa = PBXFileReference; lastKnownFileType = folder.assetcatalog; path = "Preview Assets.xcassets"; sourceTree = "<group>"; };
		0578CB762B28AD0E00E8B344 /* RaccoonConvertTests.xctest */ = {isa = PBXFileReference; explicitFileType = wrapper.cfbundle; includeInIndex = 0; path = RaccoonConvertTests.xctest; sourceTree = BUILT_PRODUCTS_DIR; };
		0578CB7A2B28AD0E00E8B344 /* RaccoonConvertTests.swift */ = {isa = PBXFileReference; lastKnownFileType = sourcecode.swift; path = RaccoonConvertTests.swift; sourceTree = "<group>"; };
		0578CB802B28AD0E00E8B344 /* RaccoonConvertUITests.xctest */ = {isa = PBXFileReference; explicitFileType = wrapper.cfbundle; includeInIndex = 0; path = RaccoonConvertUITests.xctest; sourceTree = BUILT_PRODUCTS_DIR; };
		0578CB842B28AD0E00E8B344 /* RaccoonConvertUITests.swift */ = {isa = PBXFileReference; lastKnownFileType = sourcecode.swift; path = RaccoonConvertUITests.swift; sourceTree = "<group>"; };
		0578CB862B28AD0E00E8B344 /* RaccoonConvertUITestsLaunchTests.swift */ = {isa = PBXFileReference; lastKnownFileType = sourcecode.swift; path = RaccoonConvertUITestsLaunchTests.swift; sourceTree = "<group>"; };
/* End PBXFileReference section */

/* Begin PBXFrameworksBuildPhase section */
		0578CB632B28AD0C00E8B344 /* Frameworks */ = {
			isa = PBXFrameworksBuildPhase;
			buildActionMask = 2147483647;
			files = (
			);
			runOnlyForDeploymentPostprocessing = 0;
		};
		0578CB732B28AD0E00E8B344 /* Frameworks */ = {
			isa = PBXFrameworksBuildPhase;
			buildActionMask = 2147483647;
			files = (
			);
			runOnlyForDeploymentPostprocessing = 0;
		};
		0578CB7D2B28AD0E00E8B344 /* Frameworks */ = {
			isa = PBXFrameworksBuildPhase;
			buildActionMask = 2147483647;
			files = (
			);
			runOnlyForDeploymentPostprocessing = 0;
		};
/* End PBXFrameworksBuildPhase section */

/* Begin PBXGroup section */
		0578CB5D2B28AD0C00E8B344 = {
			isa = PBXGroup;
			children = (
				0578CB682B28AD0C00E8B344 /* RaccoonConvert */,
				0578CB792B28AD0E00E8B344 /* RaccoonConvertTests */,
				0578CB832B28AD0E00E8B344 /* RaccoonConvertUITests */,
				0578CB672B28AD0C00E8B344 /* Products */,
			);
			sourceTree = "<group>";
		};
		0578CB672B28AD0C00E8B344 /* Products */ = {
			isa = PBXGroup;
			children = (
				0578CB662B28AD0C00E8B344 /* RaccoonConvert.app */,
				0578CB762B28AD0E00E8B344 /* RaccoonConvertTests.xctest */,
				0578CB802B28AD0E00E8B344 /* RaccoonConvertUITests.xctest */,
			);
			name = Products;
			sourceTree = "<group>";
		};
		0578CB682B28AD0C00E8B344 /* RaccoonConvert */ = {
			isa = PBXGroup;
			children = (
				0578CB942B28AD6400E8B344 /* Resources */,
				0578CB932B28AD5100E8B344 /* ViewController */,
				0578CB6F2B28AD0E00E8B344 /* Preview Content */,
			);
			path = RaccoonConvert;
			sourceTree = "<group>";
		};
		0578CB6F2B28AD0E00E8B344 /* Preview Content */ = {
			isa = PBXGroup;
			children = (
				0578CB702B28AD0E00E8B344 /* Preview Assets.xcassets */,
			);
			path = "Preview Content";
			sourceTree = "<group>";
		};
		0578CB792B28AD0E00E8B344 /* RaccoonConvertTests */ = {
			isa = PBXGroup;
			children = (
				0578CB7A2B28AD0E00E8B344 /* RaccoonConvertTests.swift */,
			);
			path = RaccoonConvertTests;
			sourceTree = "<group>";
		};
		0578CB832B28AD0E00E8B344 /* RaccoonConvertUITests */ = {
			isa = PBXGroup;
			children = (
				0578CB842B28AD0E00E8B344 /* RaccoonConvertUITests.swift */,
				0578CB862B28AD0E00E8B344 /* RaccoonConvertUITestsLaunchTests.swift */,
			);
			path = RaccoonConvertUITests;
			sourceTree = "<group>";
		};
		0578CB932B28AD5100E8B344 /* ViewController */ = {
			isa = PBXGroup;
			children = (
				0578CB6B2B28AD0C00E8B344 /* RaccoonConvertView.swift */,
			);
			path = ViewController;
			sourceTree = "<group>";
		};
		0578CB942B28AD6400E8B344 /* Resources */ = {
			isa = PBXGroup;
			children = (
				0578CB6D2B28AD0E00E8B344 /* Assets.xcassets */,
				0578CB692B28AD0C00E8B344 /* RaccoonConvertApp.swift */,
			);
			path = Resources;
			sourceTree = "<group>";
		};
/* End PBXGroup section */

/* Begin PBXNativeTarget section */
		0578CB652B28AD0C00E8B344 /* RaccoonConvert */ = {
			isa = PBXNativeTarget;
			buildConfigurationList = 0578CB8A2B28AD0E00E8B344 /* Build configuration list for PBXNativeTarget "RaccoonConvert" */;
			buildPhases = (
				0578CB622B28AD0C00E8B344 /* Sources */,
				0578CB632B28AD0C00E8B344 /* Frameworks */,
				0578CB642B28AD0C00E8B344 /* Resources */,
			);
			buildRules = (
			);
			dependencies = (
			);
			name = RaccoonConvert;
			productName = RaccoonConvert;
			productReference = 0578CB662B28AD0C00E8B344 /* RaccoonConvert.app */;
			productType = "com.apple.product-type.application";
		};
		0578CB752B28AD0E00E8B344 /* RaccoonConvertTests */ = {
			isa = PBXNativeTarget;
			buildConfigurationList = 0578CB8D2B28AD0E00E8B344 /* Build configuration list for PBXNativeTarget "RaccoonConvertTests" */;
			buildPhases = (
				0578CB722B28AD0E00E8B344 /* Sources */,
				0578CB732B28AD0E00E8B344 /* Frameworks */,
				0578CB742B28AD0E00E8B344 /* Resources */,
			);
			buildRules = (
			);
			dependencies = (
				0578CB782B28AD0E00E8B344 /* PBXTargetDependency */,
			);
			name = RaccoonConvertTests;
			productName = RaccoonConvertTests;
			productReference = 0578CB762B28AD0E00E8B344 /* RaccoonConvertTests.xctest */;
			productType = "com.apple.product-type.bundle.unit-test";
		};
		0578CB7F2B28AD0E00E8B344 /* RaccoonConvertUITests */ = {
			isa = PBXNativeTarget;
			buildConfigurationList = 0578CB902B28AD0E00E8B344 /* Build configuration list for PBXNativeTarget "RaccoonConvertUITests" */;
			buildPhases = (
				0578CB7C2B28AD0E00E8B344 /* Sources */,
				0578CB7D2B28AD0E00E8B344 /* Frameworks */,
				0578CB7E2B28AD0E00E8B344 /* Resources */,
			);
			buildRules = (
			);
			dependencies = (
				0578CB822B28AD0E00E8B344 /* PBXTargetDependency */,
			);
			name = RaccoonConvertUITests;
			productName = RaccoonConvertUITests;
			productReference = 0578CB802B28AD0E00E8B344 /* RaccoonConvertUITests.xctest */;
			productType = "com.apple.product-type.bundle.ui-testing";
		};
/* End PBXNativeTarget section */

/* Begin PBXProject section */
		0578CB5E2B28AD0C00E8B344 /* Project object */ = {
			isa = PBXProject;
			attributes = {
				BuildIndependentTargetsInParallel = 1;
				LastSwiftUpdateCheck = 1500;
				LastUpgradeCheck = 1500;
				TargetAttributes = {
					0578CB652B28AD0C00E8B344 = {
						CreatedOnToolsVersion = 15.0;
					};
					0578CB752B28AD0E00E8B344 = {
						CreatedOnToolsVersion = 15.0;
						TestTargetID = 0578CB652B28AD0C00E8B344;
					};
					0578CB7F2B28AD0E00E8B344 = {
						CreatedOnToolsVersion = 15.0;
						TestTargetID = 0578CB652B28AD0C00E8B344;
					};
				};
			};
			buildConfigurationList = 0578CB612B28AD0C00E8B344 /* Build configuration list for PBXProject "RaccoonConvert" */;
			compatibilityVersion = "Xcode 14.0";
			developmentRegion = en;
			hasScannedForEncodings = 0;
			knownRegions = (
				en,
				Base,
			);
			mainGroup = 0578CB5D2B28AD0C00E8B344;
			productRefGroup = 0578CB672B28AD0C00E8B344 /* Products */;
			projectDirPath = "";
			projectRoot = "";
			targets = (
				0578CB652B28AD0C00E8B344 /* RaccoonConvert */,
				0578CB752B28AD0E00E8B344 /* RaccoonConvertTests */,
				0578CB7F2B28AD0E00E8B344 /* RaccoonConvertUITests */,
			);
		};
/* End PBXProject section */

/* Begin PBXResourcesBuildPhase section */
		0578CB642B28AD0C00E8B344 /* Resources */ = {
			isa = PBXResourcesBuildPhase;
			buildActionMask = 2147483647;
			files = (
				0578CB712B28AD0E00E8B344 /* Preview Assets.xcassets in Resources */,
				0578CB6E2B28AD0E00E8B344 /* Assets.xcassets in Resources */,
			);
			runOnlyForDeploymentPostprocessing = 0;
		};
		0578CB742B28AD0E00E8B344 /* Resources */ = {
			isa = PBXResourcesBuildPhase;
			buildActionMask = 2147483647;
			files = (
			);
			runOnlyForDeploymentPostprocessing = 0;
		};
		0578CB7E2B28AD0E00E8B344 /* Resources */ = {
			isa = PBXResourcesBuildPhase;
			buildActionMask = 2147483647;
			files = (
			);
			runOnlyForDeploymentPostprocessing = 0;
		};
/* End PBXResourcesBuildPhase section */

/* Begin PBXSourcesBuildPhase section */
		0578CB622B28AD0C00E8B344 /* Sources */ = {
			isa = PBXSourcesBuildPhase;
			buildActionMask = 2147483647;
			files = (
				0578CB6C2B28AD0C00E8B344 /* RaccoonConvertView.swift in Sources */,
				0578CB6A2B28AD0C00E8B344 /* RaccoonConvertApp.swift in Sources */,
			);
			runOnlyForDeploymentPostprocessing = 0;
		};
		0578CB722B28AD0E00E8B344 /* Sources */ = {
			isa = PBXSourcesBuildPhase;
			buildActionMask = 2147483647;
			files = (
				0578CB7B2B28AD0E00E8B344 /* RaccoonConvertTests.swift in Sources */,
			);
			runOnlyForDeploymentPostprocessing = 0;
		};
		0578CB7C2B28AD0E00E8B344 /* Sources */ = {
			isa = PBXSourcesBuildPhase;
			buildActionMask = 2147483647;
			files = (
				0578CB872B28AD0E00E8B344 /* RaccoonConvertUITestsLaunchTests.swift in Sources */,
				0578CB852B28AD0E00E8B344 /* RaccoonConvertUITests.swift in Sources */,
			);
			runOnlyForDeploymentPostprocessing = 0;
		};
/* End PBXSourcesBuildPhase section */

/* Begin PBXTargetDependency section */
		0578CB782B28AD0E00E8B344 /* PBXTargetDependency */ = {
			isa = PBXTargetDependency;
			target = 0578CB652B28AD0C00E8B344 /* RaccoonConvert */;
			targetProxy = 0578CB772B28AD0E00E8B344 /* PBXContainerItemProxy */;
		};
		0578CB822B28AD0E00E8B344 /* PBXTargetDependency */ = {
			isa = PBXTargetDependency;
			target = 0578CB652B28AD0C00E8B344 /* RaccoonConvert */;
			targetProxy = 0578CB812B28AD0E00E8B344 /* PBXContainerItemProxy */;
		};
/* End PBXTargetDependency section */

/* Begin XCBuildConfiguration section */
		0578CB882B28AD0E00E8B344 /* Debug */ = {
			isa = XCBuildConfiguration;
			buildSettings = {
				ALWAYS_SEARCH_USER_PATHS = NO;
				ASSETCATALOG_COMPILER_GENERATE_SWIFT_ASSET_SYMBOL_EXTENSIONS = YES;
				CLANG_ANALYZER_NONNULL = YES;
				CLANG_ANALYZER_NUMBER_OBJECT_CONVERSION = YES_AGGRESSIVE;
				CLANG_CXX_LANGUAGE_STANDARD = "gnu++20";
				CLANG_ENABLE_MODULES = YES;
				CLANG_ENABLE_OBJC_ARC = YES;
				CLANG_ENABLE_OBJC_WEAK = YES;
				CLANG_WARN_BLOCK_CAPTURE_AUTORELEASING = YES;
				CLANG_WARN_BOOL_CONVERSION = YES;
				CLANG_WARN_COMMA = YES;
				CLANG_WARN_CONSTANT_CONVERSION = YES;
				CLANG_WARN_DEPRECATED_OBJC_IMPLEMENTATIONS = YES;
				CLANG_WARN_DIRECT_OBJC_ISA_USAGE = YES_ERROR;
				CLANG_WARN_DOCUMENTATION_COMMENTS = YES;
				CLANG_WARN_EMPTY_BODY = YES;
				CLANG_WARN_ENUM_CONVERSION = YES;
				CLANG_WARN_INFINITE_RECURSION = YES;
				CLANG_WARN_INT_CONVERSION = YES;
				CLANG_WARN_NON_LITERAL_NULL_CONVERSION = YES;
				CLANG_WARN_OBJC_IMPLICIT_RETAIN_SELF = YES;
				CLANG_WARN_OBJC_LITERAL_CONVERSION = YES;
				CLANG_WARN_OBJC_ROOT_CLASS = YES_ERROR;
				CLANG_WARN_QUOTED_INCLUDE_IN_FRAMEWORK_HEADER = YES;
				CLANG_WARN_RANGE_LOOP_ANALYSIS = YES;
				CLANG_WARN_STRICT_PROTOTYPES = YES;
				CLANG_WARN_SUSPICIOUS_MOVE = YES;
				CLANG_WARN_UNGUARDED_AVAILABILITY = YES_AGGRESSIVE;
				CLANG_WARN_UNREACHABLE_CODE = YES;
				CLANG_WARN__DUPLICATE_METHOD_MATCH = YES;
				COPY_PHASE_STRIP = NO;
				DEBUG_INFORMATION_FORMAT = dwarf;
				ENABLE_STRICT_OBJC_MSGSEND = YES;
				ENABLE_TESTABILITY = YES;
				ENABLE_USER_SCRIPT_SANDBOXING = YES;
				GCC_C_LANGUAGE_STANDARD = gnu17;
				GCC_DYNAMIC_NO_PIC = NO;
				GCC_NO_COMMON_BLOCKS = YES;
				GCC_OPTIMIZATION_LEVEL = 0;
				GCC_PREPROCESSOR_DEFINITIONS = (
					"DEBUG=1",
					"$(inherited)",
				);
				GCC_WARN_64_TO_32_BIT_CONVERSION = YES;
				GCC_WARN_ABOUT_RETURN_TYPE = YES_ERROR;
				GCC_WARN_UNDECLARED_SELECTOR = YES;
				GCC_WARN_UNINITIALIZED_AUTOS = YES_AGGRESSIVE;
				GCC_WARN_UNUSED_FUNCTION = YES;
				GCC_WARN_UNUSED_VARIABLE = YES;
				IPHONEOS_DEPLOYMENT_TARGET = 17.0;
				LOCALIZATION_PREFERS_STRING_CATALOGS = YES;
				MTL_ENABLE_DEBUG_INFO = INCLUDE_SOURCE;
				MTL_FAST_MATH = YES;
				ONLY_ACTIVE_ARCH = YES;
				SDKROOT = iphoneos;
				SWIFT_ACTIVE_COMPILATION_CONDITIONS = "DEBUG $(inherited)";
				SWIFT_OPTIMIZATION_LEVEL = "-Onone";
			};
			name = Debug;
		};
		0578CB892B28AD0E00E8B344 /* Release */ = {
			isa = XCBuildConfiguration;
			buildSettings = {
				ALWAYS_SEARCH_USER_PATHS = NO;
				ASSETCATALOG_COMPILER_GENERATE_SWIFT_ASSET_SYMBOL_EXTENSIONS = YES;
				CLANG_ANALYZER_NONNULL = YES;
				CLANG_ANALYZER_NUMBER_OBJECT_CONVERSION = YES_AGGRESSIVE;
				CLANG_CXX_LANGUAGE_STANDARD = "gnu++20";
				CLANG_ENABLE_MODULES = YES;
				CLANG_ENABLE_OBJC_ARC = YES;
				CLANG_ENABLE_OBJC_WEAK = YES;
				CLANG_WARN_BLOCK_CAPTURE_AUTORELEASING = YES;
				CLANG_WARN_BOOL_CONVERSION = YES;
				CLANG_WARN_COMMA = YES;
				CLANG_WARN_CONSTANT_CONVERSION = YES;
				CLANG_WARN_DEPRECATED_OBJC_IMPLEMENTATIONS = YES;
				CLANG_WARN_DIRECT_OBJC_ISA_USAGE = YES_ERROR;
				CLANG_WARN_DOCUMENTATION_COMMENTS = YES;
				CLANG_WARN_EMPTY_BODY = YES;
				CLANG_WARN_ENUM_CONVERSION = YES;
				CLANG_WARN_INFINITE_RECURSION = YES;
				CLANG_WARN_INT_CONVERSION = YES;
				CLANG_WARN_NON_LITERAL_NULL_CONVERSION = YES;
				CLANG_WARN_OBJC_IMPLICIT_RETAIN_SELF = YES;
				CLANG_WARN_OBJC_LITERAL_CONVERSION = YES;
				CLANG_WARN_OBJC_ROOT_CLASS = YES_ERROR;
				CLANG_WARN_QUOTED_INCLUDE_IN_FRAMEWORK_HEADER = YES;
				CLANG_WARN_RANGE_LOOP_ANALYSIS = YES;
				CLANG_WARN_STRICT_PROTOTYPES = YES;
				CLANG_WARN_SUSPICIOUS_MOVE = YES;
				CLANG_WARN_UNGUARDED_AVAILABILITY = YES_AGGRESSIVE;
				CLANG_WARN_UNREACHABLE_CODE = YES;
				CLANG_WARN__DUPLICATE_METHOD_MATCH = YES;
				COPY_PHASE_STRIP = NO;
				DEBUG_INFORMATION_FORMAT = "dwarf-with-dsym";
				ENABLE_NS_ASSERTIONS = NO;
				ENABLE_STRICT_OBJC_MSGSEND = YES;
				ENABLE_USER_SCRIPT_SANDBOXING = YES;
				GCC_C_LANGUAGE_STANDARD = gnu17;
				GCC_NO_COMMON_BLOCKS = YES;
				GCC_WARN_64_TO_32_BIT_CONVERSION = YES;
				GCC_WARN_ABOUT_RETURN_TYPE = YES_ERROR;
				GCC_WARN_UNDECLARED_SELECTOR = YES;
				GCC_WARN_UNINITIALIZED_AUTOS = YES_AGGRESSIVE;
				GCC_WARN_UNUSED_FUNCTION = YES;
				GCC_WARN_UNUSED_VARIABLE = YES;
				IPHONEOS_DEPLOYMENT_TARGET = 17.0;
				LOCALIZATION_PREFERS_STRING_CATALOGS = YES;
				MTL_ENABLE_DEBUG_INFO = NO;
				MTL_FAST_MATH = YES;
				SDKROOT = iphoneos;
				SWIFT_COMPILATION_MODE = wholemodule;
				VALIDATE_PRODUCT = YES;
			};
			name = Release;
		};
		0578CB8B2B28AD0E00E8B344 /* Debug */ = {
			isa = XCBuildConfiguration;
			buildSettings = {
				ASSETCATALOG_COMPILER_APPICON_NAME = AppIcon;
				ASSETCATALOG_COMPILER_GLOBAL_ACCENT_COLOR_NAME = AccentColor;
				CODE_SIGN_STYLE = Automatic;
				CURRENT_PROJECT_VERSION = 1;
				DEVELOPMENT_ASSET_PATHS = "\"RaccoonConvert/Preview Content\"";
				ENABLE_PREVIEWS = YES;
				GENERATE_INFOPLIST_FILE = YES;
				INFOPLIST_KEY_UIApplicationSceneManifest_Generation = YES;
				INFOPLIST_KEY_UIApplicationSupportsIndirectInputEvents = YES;
				INFOPLIST_KEY_UILaunchScreen_Generation = YES;
				INFOPLIST_KEY_UISupportedInterfaceOrientations_iPad = "UIInterfaceOrientationPortrait UIInterfaceOrientationPortraitUpsideDown UIInterfaceOrientationLandscapeLeft UIInterfaceOrientationLandscapeRight";
				INFOPLIST_KEY_UISupportedInterfaceOrientations_iPhone = "UIInterfaceOrientationPortrait UIInterfaceOrientationLandscapeLeft UIInterfaceOrientationLandscapeRight";
				LD_RUNPATH_SEARCH_PATHS = (
					"$(inherited)",
					"@executable_path/Frameworks",
				);
				MARKETING_VERSION = 1.0;
				PRODUCT_BUNDLE_IDENTIFIER = nathan.CTEC.RaccoonConvert;
				PRODUCT_NAME = "$(TARGET_NAME)";
				SWIFT_EMIT_LOC_STRINGS = YES;
				SWIFT_VERSION = 5.0;
				TARGETED_DEVICE_FAMILY = "1,2";
			};
			name = Debug;
		};
		0578CB8C2B28AD0E00E8B344 /* Release */ = {
			isa = XCBuildConfiguration;
			buildSettings = {
				ASSETCATALOG_COMPILER_APPICON_NAME = AppIcon;
				ASSETCATALOG_COMPILER_GLOBAL_ACCENT_COLOR_NAME = AccentColor;
				CODE_SIGN_STYLE = Automatic;
				CURRENT_PROJECT_VERSION = 1;
				DEVELOPMENT_ASSET_PATHS = "\"RaccoonConvert/Preview Content\"";
				ENABLE_PREVIEWS = YES;
				GENERATE_INFOPLIST_FILE = YES;
				INFOPLIST_KEY_UIApplicationSceneManifest_Generation = YES;
				INFOPLIST_KEY_UIApplicationSupportsIndirectInputEvents = YES;
				INFOPLIST_KEY_UILaunchScreen_Generation = YES;
				INFOPLIST_KEY_UISupportedInterfaceOrientations_iPad = "UIInterfaceOrientationPortrait UIInterfaceOrientationPortraitUpsideDown UIInterfaceOrientationLandscapeLeft UIInterfaceOrientationLandscapeRight";
				INFOPLIST_KEY_UISupportedInterfaceOrientations_iPhone = "UIInterfaceOrientationPortrait UIInterfaceOrientationLandscapeLeft UIInterfaceOrientationLandscapeRight";
				LD_RUNPATH_SEARCH_PATHS = (
					"$(inherited)",
					"@executable_path/Frameworks",
				);
				MARKETING_VERSION = 1.0;
				PRODUCT_BUNDLE_IDENTIFIER = nathan.CTEC.RaccoonConvert;
				PRODUCT_NAME = "$(TARGET_NAME)";
				SWIFT_EMIT_LOC_STRINGS = YES;
				SWIFT_VERSION = 5.0;
				TARGETED_DEVICE_FAMILY = "1,2";
			};
			name = Release;
		};
		0578CB8E2B28AD0E00E8B344 /* Debug */ = {
			isa = XCBuildConfiguration;
			buildSettings = {
				ALWAYS_EMBED_SWIFT_STANDARD_LIBRARIES = YES;
				BUNDLE_LOADER = "$(TEST_HOST)";
				CODE_SIGN_STYLE = Automatic;
				CURRENT_PROJECT_VERSION = 1;
				GENERATE_INFOPLIST_FILE = YES;
				IPHONEOS_DEPLOYMENT_TARGET = 17.0;
				MARKETING_VERSION = 1.0;
				PRODUCT_BUNDLE_IDENTIFIER = nathan.CTEC.RaccoonConvertTests;
				PRODUCT_NAME = "$(TARGET_NAME)";
				SWIFT_EMIT_LOC_STRINGS = NO;
				SWIFT_VERSION = 5.0;
				TARGETED_DEVICE_FAMILY = "1,2";
				TEST_HOST = "$(BUILT_PRODUCTS_DIR)/RaccoonConvert.app/$(BUNDLE_EXECUTABLE_FOLDER_PATH)/RaccoonConvert";
			};
			name = Debug;
		};
		0578CB8F2B28AD0E00E8B344 /* Release */ = {
			isa = XCBuildConfiguration;
			buildSettings = {
				ALWAYS_EMBED_SWIFT_STANDARD_LIBRARIES = YES;
				BUNDLE_LOADER = "$(TEST_HOST)";
				CODE_SIGN_STYLE = Automatic;
				CURRENT_PROJECT_VERSION = 1;
				GENERATE_INFOPLIST_FILE = YES;
				IPHONEOS_DEPLOYMENT_TARGET = 17.0;
				MARKETING_VERSION = 1.0;
				PRODUCT_BUNDLE_IDENTIFIER = nathan.CTEC.RaccoonConvertTests;
				PRODUCT_NAME = "$(TARGET_NAME)";
				SWIFT_EMIT_LOC_STRINGS = NO;
				SWIFT_VERSION = 5.0;
				TARGETED_DEVICE_FAMILY = "1,2";
				TEST_HOST = "$(BUILT_PRODUCTS_DIR)/RaccoonConvert.app/$(BUNDLE_EXECUTABLE_FOLDER_PATH)/RaccoonConvert";
			};
			name = Release;
		};
		0578CB912B28AD0E00E8B344 /* Debug */ = {
			isa = XCBuildConfiguration;
			buildSettings = {
				ALWAYS_EMBED_SWIFT_STANDARD_LIBRARIES = YES;
				CODE_SIGN_STYLE = Automatic;
				CURRENT_PROJECT_VERSION = 1;
				GENERATE_INFOPLIST_FILE = YES;
				MARKETING_VERSION = 1.0;
				PRODUCT_BUNDLE_IDENTIFIER = nathan.CTEC.RaccoonConvertUITests;
				PRODUCT_NAME = "$(TARGET_NAME)";
				SWIFT_EMIT_LOC_STRINGS = NO;
				SWIFT_VERSION = 5.0;
				TARGETED_DEVICE_FAMILY = "1,2";
				TEST_TARGET_NAME = RaccoonConvert;
			};
			name = Debug;
		};
		0578CB922B28AD0E00E8B344 /* Release */ = {
			isa = XCBuildConfiguration;
			buildSettings = {
				ALWAYS_EMBED_SWIFT_STANDARD_LIBRARIES = YES;
				CODE_SIGN_STYLE = Automatic;
				CURRENT_PROJECT_VERSION = 1;
				GENERATE_INFOPLIST_FILE = YES;
				MARKETING_VERSION = 1.0;
				PRODUCT_BUNDLE_IDENTIFIER = nathan.CTEC.RaccoonConvertUITests;
				PRODUCT_NAME = "$(TARGET_NAME)";
				SWIFT_EMIT_LOC_STRINGS = NO;
				SWIFT_VERSION = 5.0;
				TARGETED_DEVICE_FAMILY = "1,2";
				TEST_TARGET_NAME = RaccoonConvert;
			};
			name = Release;
		};
/* End XCBuildConfiguration section */

/* Begin XCConfigurationList section */
		0578CB612B28AD0C00E8B344 /* Build configuration list for PBXProject "RaccoonConvert" */ = {
			isa = XCConfigurationList;
			buildConfigurations = (
				0578CB882B28AD0E00E8B344 /* Debug */,
				0578CB892B28AD0E00E8B344 /* Release */,
			);
			defaultConfigurationIsVisible = 0;
			defaultConfigurationName = Release;
		};
		0578CB8A2B28AD0E00E8B344 /* Build configuration list for PBXNativeTarget "RaccoonConvert" */ = {
			isa = XCConfigurationList;
			buildConfigurations = (
				0578CB8B2B28AD0E00E8B344 /* Debug */,
				0578CB8C2B28AD0E00E8B344 /* Release */,
			);
			defaultConfigurationIsVisible = 0;
			defaultConfigurationName = Release;
		};
		0578CB8D2B28AD0E00E8B344 /* Build configuration list for PBXNativeTarget "RaccoonConvertTests" */ = {
			isa = XCConfigurationList;
			buildConfigurations = (
				0578CB8E2B28AD0E00E8B344 /* Debug */,
				0578CB8F2B28AD0E00E8B344 /* Release */,
			);
			defaultConfigurationIsVisible = 0;
			defaultConfigurationName = Release;
		};
		0578CB902B28AD0E00E8B344 /* Build configuration list for PBXNativeTarget "RaccoonConvertUITests" */ = {
			isa = XCConfigurationList;
			buildConfigurations = (
				0578CB912B28AD0E00E8B344 /* Debug */,
				0578CB922B28AD0E00E8B344 /* Release */,
			);
			defaultConfigurationIsVisible = 0;
			defaultConfigurationName = Release;
		};
/* End XCConfigurationList section */
	};
	rootObject = 0578CB5E2B28AD0C00E8B344 /* Project object */;
}
